
Microsoft Visual Studio Solution File, Format Version 12.00
# Visual Studio Version 17
VisualStudioVersion = 17.13.35828.75
MinimumVisualStudioVersion = 10.0.40219.1
Project("{FAE04EC0-301F-11D3-BF4B-00C04F79EFBC}") = "UnityStudy", "UnityStudy\UnityStudy.csproj", "{22C585C4-223F-4132-BABA-E38C3A13B495}"
EndProject
Project("{FAE04EC0-301F-11D3-BF4B-00C04F79EFBC}") = "RCP", "RCP\RCP.csproj", "{530254CF-D530-4B50-BA89-5EEA806C97B6}"
EndProject
Project("{FAE04EC0-301F-11D3-BF4B-00C04F79EFBC}") = "25_11_24", "25_11_24\25_11_24.csproj", "{69ED263D-22DC-4212-A93A-ECD880D3DBF4}"
EndProject
Project("{FAE04EC0-301F-11D3-BF4B-00C04F79EFBC}") = "multiplication_table", "multiplication_table\multiplication_table.csproj", "{CBCE6E49-578E-4907-A0ED-4F864DB78191}"
EndProject
Project("{FAE04EC0-301F-11D3-BF4B-00C04F79EFBC}") = "StarTree", "StarTree\StarTree.csproj", "{25950337-4DEC-44F9-9ECC-FEB01999DB00}"
EndProject
Project("{FAE04EC0-301F-11D3-BF4B-00C04F79EFBC}") = "Cumulative sum", "Cumulative sum\Cumulative sum.csproj", "{E0910AB9-BEF4-46DE-9B5B-487F1A4002E8}"
EndProject
Project("{FAE04EC0-301F-11D3-BF4B-00C04F79EFBC}") = "FunctionEx", "FunctionEx\FunctionEx.csproj", "{ED592687-3ED7-43AD-89A5-0397E05D288B}"
EndProject
Project("{FAE04EC0-301F-11D3-BF4B-00C04F79EFBC}") = "float_testing", "float_testing\float_testing.csproj", "{E7EB2055-CF89-4926-998B-580BED643A47}"
EndProject
Project("{FAE04EC0-301F-11D3-BF4B-00C04F79EFBC}") = "25_12_03", "25_12_03\25_12_03.csproj", "{50DF5CE1-F530-48E1-8808-BDC9C2664414}"
EndProject
Project("{FAE04EC0-301F-11D3-BF4B-00C04F79EFBC}") = "Mudgame", "Mudgame\Mudgame.csproj", "{22FD204D-1F21-4C4F-A6EC-81401733EAC3}"
EndProject
Project("{FAE04EC0-301F-11D3-BF4B-00C04F79EFBC}") = "ManaZoo", "ManaZoo\ManaZoo.csproj", "{A47FAB0F-AE32-4877-B815-24F70C2A362C}"
EndProject
Global
	GlobalSection(SolutionConfigurationPlatforms) = preSolution
		Debug|Any CPU = Debug|Any CPU
		Release|Any CPU = Release|Any CPU
	EndGlobalSection
	GlobalSection(ProjectConfigurationPlatforms) = postSolution
		{22C585C4-223F-4132-BABA-E38C3A13B495}.Debug|Any CPU.ActiveCfg = Debug|Any CPU
		{22C585C4-223F-4132-BABA-E38C3A13B495}.Debug|Any CPU.Build.0 = Debug|Any CPU
		{22C585C4-223F-4132-BABA-E38C3A13B495}.Release|Any CPU.ActiveCfg = Release|Any CPU
		{22C585C4-223F-4132-BABA-E38C3A13B495}.Release|Any CPU.Build.0 = Release|Any CPU
		{530254CF-D530-4B50-BA89-5EEA806C97B6}.Debug|Any CPU.ActiveCfg = Debug|Any CPU
		{530254CF-D530-4B50-BA89-5EEA806C97B6}.Debug|Any CPU.Build.0 = Debug|Any CPU
		{530254CF-D530-4B50-BA89-5EEA806C97B6}.Release|Any CPU.ActiveCfg = Release|Any CPU
		{530254CF-D530-4B50-BA89-5EEA806C97B6}.Release|Any CPU.Build.0 = Release|Any CPU
		{69ED263D-22DC-4212-A93A-ECD880D3DBF4}.Debug|Any CPU.ActiveCfg = Debug|Any CPU
		{69ED263D-22DC-4212-A93A-ECD880D3DBF4}.Debug|Any CPU.Build.0 = Debug|Any CPU
		{69ED263D-22DC-4212-A93A-ECD880D3DBF4}.Release|Any CPU.ActiveCfg = Release|Any CPU
		{69ED263D-22DC-4212-A93A-ECD880D3DBF4}.Release|Any CPU.Build.0 = Release|Any CPU
		{CBCE6E49-578E-4907-A0ED-4F864DB78191}.Debug|Any CPU.ActiveCfg = Debug|Any CPU
		{CBCE6E49-578E-4907-A0ED-4F864DB78191}.Debug|Any CPU.Build.0 = Debug|Any CPU
		{CBCE6E49-578E-4907-A0ED-4F864DB78191}.Release|Any CPU.ActiveCfg = Release|Any CPU
		{CBCE6E49-578E-4907-A0ED-4F864DB78191}.Release|Any CPU.Build.0 = Release|Any CPU
		{25950337-4DEC-44F9-9ECC-FEB01999DB00}.Debug|Any CPU.ActiveCfg = Debug|Any CPU
		{25950337-4DEC-44F9-9ECC-FEB01999DB00}.Debug|Any CPU.Build.0 = Debug|Any CPU
		{25950337-4DEC-44F9-9ECC-FEB01999DB00}.Release|Any CPU.ActiveCfg = Release|Any CPU
		{25950337-4DEC-44F9-9ECC-FEB01999DB00}.Release|Any CPU.Build.0 = Release|Any CPU
		{E0910AB9-BEF4-46DE-9B5B-487F1A4002E8}.Debug|Any CPU.ActiveCfg = Debug|Any CPU
		{E0910AB9-BEF4-46DE-9B5B-487F1A4002E8}.Debug|Any CPU.Build.0 = Debug|Any CPU
		{E0910AB9-BEF4-46DE-9B5B-487F1A4002E8}.Release|Any CPU.ActiveCfg = Release|Any CPU
		{E0910AB9-BEF4-46DE-9B5B-487F1A4002E8}.Release|Any CPU.Build.0 = Release|Any CPU
		{ED592687-3ED7-43AD-89A5-0397E05D288B}.Debug|Any CPU.ActiveCfg = Debug|Any CPU
		{ED592687-3ED7-43AD-89A5-0397E05D288B}.Debug|Any CPU.Build.0 = Debug|Any CPU
		{ED592687-3ED7-43AD-89A5-0397E05D288B}.Release|Any CPU.ActiveCfg = Release|Any CPU
		{ED592687-3ED7-43AD-89A5-0397E05D288B}.Release|Any CPU.Build.0 = Release|Any CPU
		{E7EB2055-CF89-4926-998B-580BED643A47}.Debug|Any CPU.ActiveCfg = Debug|Any CPU
		{E7EB2055-CF89-4926-998B-580BED643A47}.Debug|Any CPU.Build.0 = Debug|Any CPU
		{E7EB2055-CF89-4926-998B-580BED643A47}.Release|Any CPU.ActiveCfg = Release|Any CPU
		{E7EB2055-CF89-4926-998B-580BED643A47}.Release|Any CPU.Build.0 = Release|Any CPU
		{50DF5CE1-F530-48E1-8808-BDC9C2664414}.Debug|Any CPU.ActiveCfg = Debug|Any CPU
		{50DF5CE1-F530-48E1-8808-BDC9C2664414}.Debug|Any CPU.Build.0 = Debug|Any CPU
		{50DF5CE1-F530-48E1-8808-BDC9C2664414}.Release|Any CPU.ActiveCfg = Release|Any CPU
		{50DF5CE1-F530-48E1-8808-BDC9C2664414}.Release|Any CPU.Build.0 = Release|Any CPU
		{22FD204D-1F21-4C4F-A6EC-81401733EAC3}.Debug|Any CPU.ActiveCfg = Debug|Any CPU
		{22FD204D-1F21-4C4F-A6EC-81401733EAC3}.Debug|Any CPU.Build.0 = Debug|Any CPU
		{22FD204D-1F21-4C4F-A6EC-81401733EAC3}.Release|Any CPU.ActiveCfg = Release|Any CPU
		{22FD204D-1F21-4C4F-A6EC-81401733EAC3}.Release|Any CPU.Build.0 = Release|Any CPU
		{A47FAB0F-AE32-4877-B815-24F70C2A362C}.Debug|Any CPU.ActiveCfg = Debug|Any CPU
		{A47FAB0F-AE32-4877-B815-24F70C2A362C}.Debug|Any CPU.Build.0 = Debug|Any CPU
		{A47FAB0F-AE32-4877-B815-24F70C2A362C}.Release|Any CPU.ActiveCfg = Release|Any CPU
		{A47FAB0F-AE32-4877-B815-24F70C2A362C}.Release|Any CPU.Build.0 = Release|Any CPU
	EndGlobalSection
	GlobalSection(SolutionProperties) = preSolution
		HideSolutionNode = FALSE
	EndGlobalSection
	GlobalSection(ExtensibilityGlobals) = postSolution
		SolutionGuid = {03FEC022-DD69-4E1B-A597-F0D1350F1F32}
	EndGlobalSection
EndGlobal
