
Microsoft Visual Studio Solution File, Format Version 12.00
# Visual Studio Version 17
VisualStudioVersion = 17.13.35828.75
MinimumVisualStudioVersion = 10.0.40219.1
Project("{FAE04EC0-301F-11D3-BF4B-00C04F79EFBC}") = "UnityStudy", "UnityStudy\UnityStudy.csproj", "{22C585C4-223F-4132-BABA-E38C3A13B495}"
EndProject
Project("{FAE04EC0-301F-11D3-BF4B-00C04F79EFBC}") = "RCP", "RCP\RCP.csproj", "{530254CF-D530-4B50-BA89-5EEA806C97B6}"
EndProject
Project("{FAE04EC0-301F-11D3-BF4B-00C04F79EFBC}") = "25_11_24", "25_11_24\25_11_24.csproj", "{69ED263D-22DC-4212-A93A-ECD880D3DBF4}"
EndProject
Project("{FAE04EC0-301F-11D3-BF4B-00C04F79EFBC}") = "multiplication_table", "multiplication_table\multiplication_table.csproj", "{CBCE6E49-578E-4907-A0ED-4F864DB78191}"
EndProject
Project("{FAE04EC0-301F-11D3-BF4B-00C04F79EFBC}") = "StarTree", "StarTree\StarTree.csproj", "{25950337-4DEC-44F9-9ECC-FEB01999DB00}"
EndProject
Project("{FAE04EC0-301F-11D3-BF4B-00C04F79EFBC}") = "Cumulative sum", "Cumulative sum\Cumulative sum.csproj", "{E0910AB9-BEF4-46DE-9B5B-487F1A4002E8}"
EndProject
Project("{FAE04EC0-301F-11D3-BF4B-00C04F79EFBC}") = "FunctionEx", "FunctionEx\FunctionEx.csproj", "{ED592687-3ED7-43AD-89A5-0397E05D288B}"
EndProject
Project("{FAE04EC0-301F-11D3-BF4B-00C04F79EFBC}") = "float_testing", "float_testing\float_testing.csproj", "{E7EB2055-CF89-4926-998B-580BED643A47}"
EndProject
Project("{FAE04EC0-301F-11D3-BF4B-00C04F79EFBC}") = "25_12_03", "25_12_03\25_12_03.csproj", "{50DF5CE1-F530-48E1-8808-BDC9C2664414}"
EndProject
Project("{FAE04EC0-301F-11D3-BF4B-00C04F79EFBC}") = "Mudgame", "Mudgame\Mudgame.csproj", "{22FD204D-1F21-4C4F-A6EC-81401733EAC3}"
EndProject
Project("{FAE04EC0-301F-11D3-BF4B-00C04F79EFBC}") = "ManaZoo", "ManaZoo\ManaZoo.csproj", "{A47FAB0F-AE32-4877-B815-24F70C2A362C}"
EndProject
Project("{FAE04EC0-301F-11D3-BF4B-00C04F79EFBC}") = "MonsterSlayer", "MonsterSlayer\MonsterSlayer.csproj", "{F7931487-B9B4-45C2-87D8-6D83D735B47D}"
EndProject
Project("{FAE04EC0-301F-11D3-BF4B-00C04F79EFBC}") = "251209CountingStars", "251209CountingStars\251209CountingStars.csproj", "{7FE8E063-F32E-4A8F-B22F-47C7F8BC1B94}"
EndProject
Project("{FAE04EC0-301F-11D3-BF4B-00C04F79EFBC}") = "TruckParkings", "TruckParkings\TruckParkings.csproj", "{844DB15E-2168-46DC-947F-379B32393E11}"
EndProject
Project("{FAE04EC0-301F-11D3-BF4B-00C04F79EFBC}") = "251210", "251210\251210.csproj", "{07472A56-A841-40D2-B8FE-8213BF68C491}"
EndProject
Project("{FAE04EC0-301F-11D3-BF4B-00C04F79EFBC}") = "RecurPrac", "RecurPrac\RecurPrac.csproj", "{A6473493-484E-40F1-85C5-F89BE94FF19B}"
EndProject
Project("{FAE04EC0-301F-11D3-BF4B-00C04F79EFBC}") = "FactorialRecursivePrac", "FactorialRecursivePrac\FactorialRecursivePrac.csproj", "{9AFBAFE5-79F8-428E-88E7-4644CAD437A3}"
EndProject
Project("{FAE04EC0-301F-11D3-BF4B-00C04F79EFBC}") = "RecursiveChatBot", "RecursiveChatBot\RecursiveChatBot.csproj", "{6EED88B5-613A-43F6-A3E3-7C3C6A92C6D6}"
EndProject
Project("{FAE04EC0-301F-11D3-BF4B-00C04F79EFBC}") = "Fibonacci", "Fibonacci\Fibonacci.csproj", "{7F38C7D7-CFD8-4B81-A4E2-0CB66B53F356}"
EndProject
Project("{FAE04EC0-301F-11D3-BF4B-00C04F79EFBC}") = "ForeachPrac", "ForeachPrac\ForeachPrac.csproj", "{4547ECF0-004D-4E6D-8559-279ACDF4668D}"
EndProject
Project("{FAE04EC0-301F-11D3-BF4B-00C04F79EFBC}") = "ListPrac", "ListPrac\ListPrac.csproj", "{FF5F0797-CF25-45DB-A617-F624DB3F40AA}"
EndProject
Project("{FAE04EC0-301F-11D3-BF4B-00C04F79EFBC}") = "Bj12015", "Bj12015\Bj12015.csproj", "{EEED7E56-BE4E-4FEE-ABD7-DB7D04AC99DD}"
EndProject
Project("{FAE04EC0-301F-11D3-BF4B-00C04F79EFBC}") = "BaekJoon1920", "BaekJoon1920\BaekJoon1920.csproj", "{17D92703-E3F0-4B66-8B9B-EF2FA7F9FFD2}"
EndProject
Project("{FAE04EC0-301F-11D3-BF4B-00C04F79EFBC}") = "CableCut", "CableCut\CableCut.csproj", "{EFA564AA-4EC3-4CB9-941B-3297E7DE6DF2}"
EndProject
Project("{FAE04EC0-301F-11D3-BF4B-00C04F79EFBC}") = "StackPrac", "StackPrac\StackPrac.csproj", "{024D1DF8-DFF9-4293-A1A2-5B45593A9002}"
EndProject
Project("{FAE04EC0-301F-11D3-BF4B-00C04F79EFBC}") = "251217Prac", "251217Prac\251217Prac.csproj", "{FBB58A35-3232-4F00-B2C8-9C5A33EED09F}"
EndProject
Project("{FAE04EC0-301F-11D3-BF4B-00C04F79EFBC}") = "InventoryGeneric", "InventoryGeneric\InventoryGeneric.csproj", "{81ECD307-AE2C-495F-BB81-88030FCA09BA}"
EndProject
Global
	GlobalSection(SolutionConfigurationPlatforms) = preSolution
		Debug|Any CPU = Debug|Any CPU
		Release|Any CPU = Release|Any CPU
	EndGlobalSection
	GlobalSection(ProjectConfigurationPlatforms) = postSolution
		{22C585C4-223F-4132-BABA-E38C3A13B495}.Debug|Any CPU.ActiveCfg = Debug|Any CPU
		{22C585C4-223F-4132-BABA-E38C3A13B495}.Debug|Any CPU.Build.0 = Debug|Any CPU
		{22C585C4-223F-4132-BABA-E38C3A13B495}.Release|Any CPU.ActiveCfg = Release|Any CPU
		{22C585C4-223F-4132-BABA-E38C3A13B495}.Release|Any CPU.Build.0 = Release|Any CPU
		{530254CF-D530-4B50-BA89-5EEA806C97B6}.Debug|Any CPU.ActiveCfg = Debug|Any CPU
		{530254CF-D530-4B50-BA89-5EEA806C97B6}.Debug|Any CPU.Build.0 = Debug|Any CPU
		{530254CF-D530-4B50-BA89-5EEA806C97B6}.Release|Any CPU.ActiveCfg = Release|Any CPU
		{530254CF-D530-4B50-BA89-5EEA806C97B6}.Release|Any CPU.Build.0 = Release|Any CPU
		{69ED263D-22DC-4212-A93A-ECD880D3DBF4}.Debug|Any CPU.ActiveCfg = Debug|Any CPU
		{69ED263D-22DC-4212-A93A-ECD880D3DBF4}.Debug|Any CPU.Build.0 = Debug|Any CPU
		{69ED263D-22DC-4212-A93A-ECD880D3DBF4}.Release|Any CPU.ActiveCfg = Release|Any CPU
		{69ED263D-22DC-4212-A93A-ECD880D3DBF4}.Release|Any CPU.Build.0 = Release|Any CPU
		{CBCE6E49-578E-4907-A0ED-4F864DB78191}.Debug|Any CPU.ActiveCfg = Debug|Any CPU
		{CBCE6E49-578E-4907-A0ED-4F864DB78191}.Debug|Any CPU.Build.0 = Debug|Any CPU
		{CBCE6E49-578E-4907-A0ED-4F864DB78191}.Release|Any CPU.ActiveCfg = Release|Any CPU
		{CBCE6E49-578E-4907-A0ED-4F864DB78191}.Release|Any CPU.Build.0 = Release|Any CPU
		{25950337-4DEC-44F9-9ECC-FEB01999DB00}.Debug|Any CPU.ActiveCfg = Debug|Any CPU
		{25950337-4DEC-44F9-9ECC-FEB01999DB00}.Debug|Any CPU.Build.0 = Debug|Any CPU
		{25950337-4DEC-44F9-9ECC-FEB01999DB00}.Release|Any CPU.ActiveCfg = Release|Any CPU
		{25950337-4DEC-44F9-9ECC-FEB01999DB00}.Release|Any CPU.Build.0 = Release|Any CPU
		{E0910AB9-BEF4-46DE-9B5B-487F1A4002E8}.Debug|Any CPU.ActiveCfg = Debug|Any CPU
		{E0910AB9-BEF4-46DE-9B5B-487F1A4002E8}.Debug|Any CPU.Build.0 = Debug|Any CPU
		{E0910AB9-BEF4-46DE-9B5B-487F1A4002E8}.Release|Any CPU.ActiveCfg = Release|Any CPU
		{E0910AB9-BEF4-46DE-9B5B-487F1A4002E8}.Release|Any CPU.Build.0 = Release|Any CPU
		{ED592687-3ED7-43AD-89A5-0397E05D288B}.Debug|Any CPU.ActiveCfg = Debug|Any CPU
		{ED592687-3ED7-43AD-89A5-0397E05D288B}.Debug|Any CPU.Build.0 = Debug|Any CPU
		{ED592687-3ED7-43AD-89A5-0397E05D288B}.Release|Any CPU.ActiveCfg = Release|Any CPU
		{ED592687-3ED7-43AD-89A5-0397E05D288B}.Release|Any CPU.Build.0 = Release|Any CPU
		{E7EB2055-CF89-4926-998B-580BED643A47}.Debug|Any CPU.ActiveCfg = Debug|Any CPU
		{E7EB2055-CF89-4926-998B-580BED643A47}.Debug|Any CPU.Build.0 = Debug|Any CPU
		{E7EB2055-CF89-4926-998B-580BED643A47}.Release|Any CPU.ActiveCfg = Release|Any CPU
		{E7EB2055-CF89-4926-998B-580BED643A47}.Release|Any CPU.Build.0 = Release|Any CPU
		{50DF5CE1-F530-48E1-8808-BDC9C2664414}.Debug|Any CPU.ActiveCfg = Debug|Any CPU
		{50DF5CE1-F530-48E1-8808-BDC9C2664414}.Debug|Any CPU.Build.0 = Debug|Any CPU
		{50DF5CE1-F530-48E1-8808-BDC9C2664414}.Release|Any CPU.ActiveCfg = Release|Any CPU
		{50DF5CE1-F530-48E1-8808-BDC9C2664414}.Release|Any CPU.Build.0 = Release|Any CPU
		{22FD204D-1F21-4C4F-A6EC-81401733EAC3}.Debug|Any CPU.ActiveCfg = Debug|Any CPU
		{22FD204D-1F21-4C4F-A6EC-81401733EAC3}.Debug|Any CPU.Build.0 = Debug|Any CPU
		{22FD204D-1F21-4C4F-A6EC-81401733EAC3}.Release|Any CPU.ActiveCfg = Release|Any CPU
		{22FD204D-1F21-4C4F-A6EC-81401733EAC3}.Release|Any CPU.Build.0 = Release|Any CPU
		{A47FAB0F-AE32-4877-B815-24F70C2A362C}.Debug|Any CPU.ActiveCfg = Debug|Any CPU
		{A47FAB0F-AE32-4877-B815-24F70C2A362C}.Debug|Any CPU.Build.0 = Debug|Any CPU
		{A47FAB0F-AE32-4877-B815-24F70C2A362C}.Release|Any CPU.ActiveCfg = Release|Any CPU
		{A47FAB0F-AE32-4877-B815-24F70C2A362C}.Release|Any CPU.Build.0 = Release|Any CPU
		{F7931487-B9B4-45C2-87D8-6D83D735B47D}.Debug|Any CPU.ActiveCfg = Debug|Any CPU
		{F7931487-B9B4-45C2-87D8-6D83D735B47D}.Debug|Any CPU.Build.0 = Debug|Any CPU
		{F7931487-B9B4-45C2-87D8-6D83D735B47D}.Release|Any CPU.ActiveCfg = Release|Any CPU
		{F7931487-B9B4-45C2-87D8-6D83D735B47D}.Release|Any CPU.Build.0 = Release|Any CPU
		{7FE8E063-F32E-4A8F-B22F-47C7F8BC1B94}.Debug|Any CPU.ActiveCfg = Debug|Any CPU
		{7FE8E063-F32E-4A8F-B22F-47C7F8BC1B94}.Debug|Any CPU.Build.0 = Debug|Any CPU
		{7FE8E063-F32E-4A8F-B22F-47C7F8BC1B94}.Release|Any CPU.ActiveCfg = Release|Any CPU
		{7FE8E063-F32E-4A8F-B22F-47C7F8BC1B94}.Release|Any CPU.Build.0 = Release|Any CPU
		{844DB15E-2168-46DC-947F-379B32393E11}.Debug|Any CPU.ActiveCfg = Debug|Any CPU
		{844DB15E-2168-46DC-947F-379B32393E11}.Debug|Any CPU.Build.0 = Debug|Any CPU
		{844DB15E-2168-46DC-947F-379B32393E11}.Release|Any CPU.ActiveCfg = Release|Any CPU
		{844DB15E-2168-46DC-947F-379B32393E11}.Release|Any CPU.Build.0 = Release|Any CPU
		{07472A56-A841-40D2-B8FE-8213BF68C491}.Debug|Any CPU.ActiveCfg = Debug|Any CPU
		{07472A56-A841-40D2-B8FE-8213BF68C491}.Debug|Any CPU.Build.0 = Debug|Any CPU
		{07472A56-A841-40D2-B8FE-8213BF68C491}.Release|Any CPU.ActiveCfg = Release|Any CPU
		{07472A56-A841-40D2-B8FE-8213BF68C491}.Release|Any CPU.Build.0 = Release|Any CPU
		{A6473493-484E-40F1-85C5-F89BE94FF19B}.Debug|Any CPU.ActiveCfg = Debug|Any CPU
		{A6473493-484E-40F1-85C5-F89BE94FF19B}.Debug|Any CPU.Build.0 = Debug|Any CPU
		{A6473493-484E-40F1-85C5-F89BE94FF19B}.Release|Any CPU.ActiveCfg = Release|Any CPU
		{A6473493-484E-40F1-85C5-F89BE94FF19B}.Release|Any CPU.Build.0 = Release|Any CPU
		{9AFBAFE5-79F8-428E-88E7-4644CAD437A3}.Debug|Any CPU.ActiveCfg = Debug|Any CPU
		{9AFBAFE5-79F8-428E-88E7-4644CAD437A3}.Debug|Any CPU.Build.0 = Debug|Any CPU
		{9AFBAFE5-79F8-428E-88E7-4644CAD437A3}.Release|Any CPU.ActiveCfg = Release|Any CPU
		{9AFBAFE5-79F8-428E-88E7-4644CAD437A3}.Release|Any CPU.Build.0 = Release|Any CPU
		{6EED88B5-613A-43F6-A3E3-7C3C6A92C6D6}.Debug|Any CPU.ActiveCfg = Debug|Any CPU
		{6EED88B5-613A-43F6-A3E3-7C3C6A92C6D6}.Debug|Any CPU.Build.0 = Debug|Any CPU
		{6EED88B5-613A-43F6-A3E3-7C3C6A92C6D6}.Release|Any CPU.ActiveCfg = Release|Any CPU
		{6EED88B5-613A-43F6-A3E3-7C3C6A92C6D6}.Release|Any CPU.Build.0 = Release|Any CPU
		{7F38C7D7-CFD8-4B81-A4E2-0CB66B53F356}.Debug|Any CPU.ActiveCfg = Debug|Any CPU
		{7F38C7D7-CFD8-4B81-A4E2-0CB66B53F356}.Debug|Any CPU.Build.0 = Debug|Any CPU
		{7F38C7D7-CFD8-4B81-A4E2-0CB66B53F356}.Release|Any CPU.ActiveCfg = Release|Any CPU
		{7F38C7D7-CFD8-4B81-A4E2-0CB66B53F356}.Release|Any CPU.Build.0 = Release|Any CPU
		{4547ECF0-004D-4E6D-8559-279ACDF4668D}.Debug|Any CPU.ActiveCfg = Debug|Any CPU
		{4547ECF0-004D-4E6D-8559-279ACDF4668D}.Debug|Any CPU.Build.0 = Debug|Any CPU
		{4547ECF0-004D-4E6D-8559-279ACDF4668D}.Release|Any CPU.ActiveCfg = Release|Any CPU
		{4547ECF0-004D-4E6D-8559-279ACDF4668D}.Release|Any CPU.Build.0 = Release|Any CPU
		{FF5F0797-CF25-45DB-A617-F624DB3F40AA}.Debug|Any CPU.ActiveCfg = Debug|Any CPU
		{FF5F0797-CF25-45DB-A617-F624DB3F40AA}.Debug|Any CPU.Build.0 = Debug|Any CPU
		{FF5F0797-CF25-45DB-A617-F624DB3F40AA}.Release|Any CPU.ActiveCfg = Release|Any CPU
		{FF5F0797-CF25-45DB-A617-F624DB3F40AA}.Release|Any CPU.Build.0 = Release|Any CPU
		{EEED7E56-BE4E-4FEE-ABD7-DB7D04AC99DD}.Debug|Any CPU.ActiveCfg = Debug|Any CPU
		{EEED7E56-BE4E-4FEE-ABD7-DB7D04AC99DD}.Debug|Any CPU.Build.0 = Debug|Any CPU
		{EEED7E56-BE4E-4FEE-ABD7-DB7D04AC99DD}.Release|Any CPU.ActiveCfg = Release|Any CPU
		{EEED7E56-BE4E-4FEE-ABD7-DB7D04AC99DD}.Release|Any CPU.Build.0 = Release|Any CPU
		{17D92703-E3F0-4B66-8B9B-EF2FA7F9FFD2}.Debug|Any CPU.ActiveCfg = Debug|Any CPU
		{17D92703-E3F0-4B66-8B9B-EF2FA7F9FFD2}.Debug|Any CPU.Build.0 = Debug|Any CPU
		{17D92703-E3F0-4B66-8B9B-EF2FA7F9FFD2}.Release|Any CPU.ActiveCfg = Release|Any CPU
		{17D92703-E3F0-4B66-8B9B-EF2FA7F9FFD2}.Release|Any CPU.Build.0 = Release|Any CPU
		{EFA564AA-4EC3-4CB9-941B-3297E7DE6DF2}.Debug|Any CPU.ActiveCfg = Debug|Any CPU
		{EFA564AA-4EC3-4CB9-941B-3297E7DE6DF2}.Debug|Any CPU.Build.0 = Debug|Any CPU
		{EFA564AA-4EC3-4CB9-941B-3297E7DE6DF2}.Release|Any CPU.ActiveCfg = Release|Any CPU
		{EFA564AA-4EC3-4CB9-941B-3297E7DE6DF2}.Release|Any CPU.Build.0 = Release|Any CPU
		{024D1DF8-DFF9-4293-A1A2-5B45593A9002}.Debug|Any CPU.ActiveCfg = Debug|Any CPU
		{024D1DF8-DFF9-4293-A1A2-5B45593A9002}.Debug|Any CPU.Build.0 = Debug|Any CPU
		{024D1DF8-DFF9-4293-A1A2-5B45593A9002}.Release|Any CPU.ActiveCfg = Release|Any CPU
		{024D1DF8-DFF9-4293-A1A2-5B45593A9002}.Release|Any CPU.Build.0 = Release|Any CPU
		{FBB58A35-3232-4F00-B2C8-9C5A33EED09F}.Debug|Any CPU.ActiveCfg = Debug|Any CPU
		{FBB58A35-3232-4F00-B2C8-9C5A33EED09F}.Debug|Any CPU.Build.0 = Debug|Any CPU
		{FBB58A35-3232-4F00-B2C8-9C5A33EED09F}.Release|Any CPU.ActiveCfg = Release|Any CPU
		{FBB58A35-3232-4F00-B2C8-9C5A33EED09F}.Release|Any CPU.Build.0 = Release|Any CPU
		{81ECD307-AE2C-495F-BB81-88030FCA09BA}.Debug|Any CPU.ActiveCfg = Debug|Any CPU
		{81ECD307-AE2C-495F-BB81-88030FCA09BA}.Debug|Any CPU.Build.0 = Debug|Any CPU
		{81ECD307-AE2C-495F-BB81-88030FCA09BA}.Release|Any CPU.ActiveCfg = Release|Any CPU
		{81ECD307-AE2C-495F-BB81-88030FCA09BA}.Release|Any CPU.Build.0 = Release|Any CPU
	EndGlobalSection
	GlobalSection(SolutionProperties) = preSolution
		HideSolutionNode = FALSE
	EndGlobalSection
	GlobalSection(ExtensibilityGlobals) = postSolution
		SolutionGuid = {03FEC022-DD69-4E1B-A597-F0D1350F1F32}
	EndGlobalSection
EndGlobal
