Microsoft Visual Studio Solution File, Format Version 12.00
# Visual Studio Version 17
VisualStudioVersion = 17.5.2.0
MinimumVisualStudioVersion = 10.0.40219.1
Project("{FAE04EC0-301F-11D3-BF4B-00C04F79EFBC}") = "251217Prac", "251217Prac.csproj", "{0E868820-458D-941B-EAB2-2F98BEA03628}"
EndProject
Global
	GlobalSection(SolutionConfigurationPlatforms) = preSolution
		Debug|Any CPU = Debug|Any CPU
		Release|Any CPU = Release|Any CPU
	EndGlobalSection
	GlobalSection(ProjectConfigurationPlatforms) = postSolution
		{0E868820-458D-941B-EAB2-2F98BEA03628}.Debug|Any CPU.ActiveCfg = Debug|Any CPU
		{0E868820-458D-941B-EAB2-2F98BEA03628}.Debug|Any CPU.Build.0 = Debug|Any CPU
		{0E868820-458D-941B-EAB2-2F98BEA03628}.Release|Any CPU.ActiveCfg = Release|Any CPU
		{0E868820-458D-941B-EAB2-2F98BEA03628}.Release|Any CPU.Build.0 = Release|Any CPU
	EndGlobalSection
	GlobalSection(SolutionProperties) = preSolution
		HideSolutionNode = FALSE
	EndGlobalSection
	GlobalSection(ExtensibilityGlobals) = postSolution
		SolutionGuid = {1DC4EDD4-9EA2-4968-8796-39B6F402FBF2}
	EndGlobalSection
EndGlobal
