Microsoft Visual Studio Solution File, Format Version 12.00
# Visual Studio Version 17
VisualStudioVersion = 17.5.2.0
MinimumVisualStudioVersion = 10.0.40219.1
Project("{FAE04EC0-301F-11D3-BF4B-00C04F79EFBC}") = "DeligatePrac", "DeligatePrac.csproj", "{D0416398-1603-1D26-6D43-8D6ED117F536}"
EndProject
Global
	GlobalSection(SolutionConfigurationPlatforms) = preSolution
		Debug|Any CPU = Debug|Any CPU
		Release|Any CPU = Release|Any CPU
	EndGlobalSection
	GlobalSection(ProjectConfigurationPlatforms) = postSolution
		{D0416398-1603-1D26-6D43-8D6ED117F536}.Debug|Any CPU.ActiveCfg = Debug|Any CPU
		{D0416398-1603-1D26-6D43-8D6ED117F536}.Debug|Any CPU.Build.0 = Debug|Any CPU
		{D0416398-1603-1D26-6D43-8D6ED117F536}.Release|Any CPU.ActiveCfg = Release|Any CPU
		{D0416398-1603-1D26-6D43-8D6ED117F536}.Release|Any CPU.Build.0 = Release|Any CPU
	EndGlobalSection
	GlobalSection(SolutionProperties) = preSolution
		HideSolutionNode = FALSE
	EndGlobalSection
	GlobalSection(ExtensibilityGlobals) = postSolution
		SolutionGuid = {1BC676E7-21B1-4381-8AE1-DCE92FD04F40}
	EndGlobalSection
EndGlobal
